// !$*UTF8*$!
{
	archiveVersion = 1;
	classes = {
	};
	objectVersion = 56;
	objects = {

/* Begin PBXBuildFile section */
		87117825294E160100C68C2F /* Star_DeliveryApp.swift in Sources */ = {isa = PBXBuildFile; fileRef = 87117824294E160100C68C2F /* Star_DeliveryApp.swift */; };
		87117827294E160100C68C2F /* ContentView.swift in Sources */ = {isa = PBXBuildFile; fileRef = 87117826294E160100C68C2F /* ContentView.swift */; };
		87117829294E160300C68C2F /* Assets.xcassets in Resources */ = {isa = PBXBuildFile; fileRef = 87117828294E160300C68C2F /* Assets.xcassets */; };
		8711782C294E160300C68C2F /* Preview Assets.xcassets in Resources */ = {isa = PBXBuildFile; fileRef = 8711782B294E160300C68C2F /* Preview Assets.xcassets */; };
		8711782E294E160300C68C2F /* Persistence.swift in Sources */ = {isa = PBXBuildFile; fileRef = 8711782D294E160300C68C2F /* Persistence.swift */; };
		87117831294E160300C68C2F /* Star_Delivery.xcdatamodeld in Sources */ = {isa = PBXBuildFile; fileRef = 8711782F294E160300C68C2F /* Star_Delivery.xcdatamodeld */; };
		87117838294E1AD700C68C2F /* Launch Screen.storyboard in Resources */ = {isa = PBXBuildFile; fileRef = 87117837294E1AD700C68C2F /* Launch Screen.storyboard */; };
		872F95E5294E2EE500F5E515 /* Localizable.strings in Resources */ = {isa = PBXBuildFile; fileRef = 872F95E4294E2EE500F5E515 /* Localizable.strings */; };
		872F95E8294E2FC400F5E515 /* AppStrings.swift in Sources */ = {isa = PBXBuildFile; fileRef = 872F95E7294E2FC400F5E515 /* AppStrings.swift */; };
		872F95EA294E315B00F5E515 /* Login.swift in Sources */ = {isa = PBXBuildFile; fileRef = 872F95E9294E315B00F5E515 /* Login.swift */; };
		872F95EC294EC89700F5E515 /* AppColors.swift in Sources */ = {isa = PBXBuildFile; fileRef = 872F95EB294EC89700F5E515 /* AppColors.swift */; };
		872F95EE294EC97E00F5E515 /* Measurements.swift in Sources */ = {isa = PBXBuildFile; fileRef = 872F95ED294EC97E00F5E515 /* Measurements.swift */; };
		872F95F1294ECBDD00F5E515 /* TextField_Underlined.swift in Sources */ = {isa = PBXBuildFile; fileRef = 872F95F0294ECBDD00F5E515 /* TextField_Underlined.swift */; };
		872F95F3294EF4D400F5E515 /* Rectangle Button.swift in Sources */ = {isa = PBXBuildFile; fileRef = 872F95F2294EF4D400F5E515 /* Rectangle Button.swift */; };
		875F6CAD294E27F0001B68A8 /* FirebaseAuth in Frameworks */ = {isa = PBXBuildFile; productRef = 875F6CAC294E27F0001B68A8 /* FirebaseAuth */; };
/* End PBXBuildFile section */

/* Begin PBXFileReference section */
		87117821294E160100C68C2F /* Star Delivery.app */ = {isa = PBXFileReference; explicitFileType = wrapper.application; includeInIndex = 0; path = "Star Delivery.app"; sourceTree = BUILT_PRODUCTS_DIR; };
		87117824294E160100C68C2F /* Star_DeliveryApp.swift */ = {isa = PBXFileReference; lastKnownFileType = sourcecode.swift; path = Star_DeliveryApp.swift; sourceTree = "<group>"; };
		87117826294E160100C68C2F /* ContentView.swift */ = {isa = PBXFileReference; lastKnownFileType = sourcecode.swift; path = ContentView.swift; sourceTree = "<group>"; };
		87117828294E160300C68C2F /* Assets.xcassets */ = {isa = PBXFileReference; lastKnownFileType = folder.assetcatalog; path = Assets.xcassets; sourceTree = "<group>"; };
		8711782B294E160300C68C2F /* Preview Assets.xcassets */ = {isa = PBXFileReference; lastKnownFileType = folder.assetcatalog; path = "Preview Assets.xcassets"; sourceTree = "<group>"; };
		8711782D294E160300C68C2F /* Persistence.swift */ = {isa = PBXFileReference; lastKnownFileType = sourcecode.swift; path = Persistence.swift; sourceTree = "<group>"; };
		87117830294E160300C68C2F /* Star_Delivery.xcdatamodel */ = {isa = PBXFileReference; lastKnownFileType = wrapper.xcdatamodel; path = Star_Delivery.xcdatamodel; sourceTree = "<group>"; };
		87117837294E1AD700C68C2F /* Launch Screen.storyboard */ = {isa = PBXFileReference; lastKnownFileType = file.storyboard; path = "Launch Screen.storyboard"; sourceTree = "<group>"; };
		872F95E4294E2EE500F5E515 /* Localizable.strings */ = {isa = PBXFileReference; lastKnownFileType = text.plist.strings; path = Localizable.strings; sourceTree = "<group>"; };
		872F95E7294E2FC400F5E515 /* AppStrings.swift */ = {isa = PBXFileReference; lastKnownFileType = sourcecode.swift; path = AppStrings.swift; sourceTree = "<group>"; };
		872F95E9294E315B00F5E515 /* Login.swift */ = {isa = PBXFileReference; lastKnownFileType = sourcecode.swift; path = Login.swift; sourceTree = "<group>"; };
		872F95EB294EC89700F5E515 /* AppColors.swift */ = {isa = PBXFileReference; lastKnownFileType = sourcecode.swift; path = AppColors.swift; sourceTree = "<group>"; };
		872F95ED294EC97E00F5E515 /* Measurements.swift */ = {isa = PBXFileReference; lastKnownFileType = sourcecode.swift; path = Measurements.swift; sourceTree = "<group>"; };
		872F95F0294ECBDD00F5E515 /* TextField_Underlined.swift */ = {isa = PBXFileReference; lastKnownFileType = sourcecode.swift; path = TextField_Underlined.swift; sourceTree = "<group>"; };
		872F95F2294EF4D400F5E515 /* Rectangle Button.swift */ = {isa = PBXFileReference; lastKnownFileType = sourcecode.swift; path = "Rectangle Button.swift"; sourceTree = "<group>"; };
/* End PBXFileReference section */

/* Begin PBXFrameworksBuildPhase section */
		8711781E294E160100C68C2F /* Frameworks */ = {
			isa = PBXFrameworksBuildPhase;
			buildActionMask = 2147483647;
			files = (
				875F6CAD294E27F0001B68A8 /* FirebaseAuth in Frameworks */,
			);
			runOnlyForDeploymentPostprocessing = 0;
		};
/* End PBXFrameworksBuildPhase section */

/* Begin PBXGroup section */
		87117818294E160100C68C2F = {
			isa = PBXGroup;
			children = (
				87117823294E160100C68C2F /* Star Delivery */,
				87117822294E160100C68C2F /* Products */,
			);
			sourceTree = "<group>";
		};
		87117822294E160100C68C2F /* Products */ = {
			isa = PBXGroup;
			children = (
				87117821294E160100C68C2F /* Star Delivery.app */,
			);
			name = Products;
			sourceTree = "<group>";
		};
		87117823294E160100C68C2F /* Star Delivery */ = {
			isa = PBXGroup;
			children = (
				872F95E4294E2EE500F5E515 /* Localizable.strings */,
				872F95E6294E2EEF00F5E515 /* Common Data */,
				872F95E2294E2E8000F5E515 /* Starting pages */,
				87117824294E160100C68C2F /* Star_DeliveryApp.swift */,
				87117826294E160100C68C2F /* ContentView.swift */,
				87117828294E160300C68C2F /* Assets.xcassets */,
				8711782D294E160300C68C2F /* Persistence.swift */,
				8711782F294E160300C68C2F /* Star_Delivery.xcdatamodeld */,
				8711782A294E160300C68C2F /* Preview Content */,
				87117837294E1AD700C68C2F /* Launch Screen.storyboard */,
			);
			path = "Star Delivery";
			sourceTree = "<group>";
		};
		8711782A294E160300C68C2F /* Preview Content */ = {
			isa = PBXGroup;
			children = (
				8711782B294E160300C68C2F /* Preview Assets.xcassets */,
			);
			path = "Preview Content";
			sourceTree = "<group>";
		};
		872F95E2294E2E8000F5E515 /* Starting pages */ = {
			isa = PBXGroup;
			children = (
				872F95EF294ECB8B00F5E515 /* Widgets */,
				872F95E9294E315B00F5E515 /* Login.swift */,
			);
			path = "Starting pages";
			sourceTree = "<group>";
		};
		872F95E6294E2EEF00F5E515 /* Common Data */ = {
			isa = PBXGroup;
			children = (
				872F95E7294E2FC400F5E515 /* AppStrings.swift */,
				872F95EB294EC89700F5E515 /* AppColors.swift */,
				872F95ED294EC97E00F5E515 /* Measurements.swift */,
			);
			path = "Common Data";
			sourceTree = "<group>";
		};
		872F95EF294ECB8B00F5E515 /* Widgets */ = {
			isa = PBXGroup;
			children = (
				872F95F0294ECBDD00F5E515 /* TextField_Underlined.swift */,
				872F95F2294EF4D400F5E515 /* Rectangle Button.swift */,
			);
			path = Widgets;
			sourceTree = "<group>";
		};
/* End PBXGroup section */

/* Begin PBXNativeTarget section */
		87117820294E160100C68C2F /* Star Delivery */ = {
			isa = PBXNativeTarget;
			buildConfigurationList = 87117834294E160300C68C2F /* Build configuration list for PBXNativeTarget "Star Delivery" */;
			buildPhases = (
				8711781D294E160100C68C2F /* Sources */,
				8711781E294E160100C68C2F /* Frameworks */,
				8711781F294E160100C68C2F /* Resources */,
			);
			buildRules = (
			);
			dependencies = (
			);
			name = "Star Delivery";
			packageProductDependencies = (
				875F6CAC294E27F0001B68A8 /* FirebaseAuth */,
			);
			productName = "Star Delivery";
			productReference = 87117821294E160100C68C2F /* Star Delivery.app */;
			productType = "com.apple.product-type.application";
		};
/* End PBXNativeTarget section */

/* Begin PBXProject section */
		87117819294E160100C68C2F /* Project object */ = {
			isa = PBXProject;
			attributes = {
				BuildIndependentTargetsInParallel = 1;
				LastSwiftUpdateCheck = 1410;
				LastUpgradeCheck = 1410;
				TargetAttributes = {
					87117820294E160100C68C2F = {
						CreatedOnToolsVersion = 14.1;
					};
				};
			};
			buildConfigurationList = 8711781C294E160100C68C2F /* Build configuration list for PBXProject "Star Delivery" */;
			compatibilityVersion = "Xcode 14.0";
			developmentRegion = en;
			hasScannedForEncodings = 0;
			knownRegions = (
				en,
				Base,
			);
			mainGroup = 87117818294E160100C68C2F;
			packageReferences = (
				875F6CAB294E27F0001B68A8 /* XCRemoteSwiftPackageReference "firebase-ios-sdk" */,
			);
			productRefGroup = 87117822294E160100C68C2F /* Products */;
			projectDirPath = "";
			projectRoot = "";
			targets = (
				87117820294E160100C68C2F /* Star Delivery */,
			);
		};
/* End PBXProject section */

/* Begin PBXResourcesBuildPhase section */
		8711781F294E160100C68C2F /* Resources */ = {
			isa = PBXResourcesBuildPhase;
			buildActionMask = 2147483647;
			files = (
				87117838294E1AD700C68C2F /* Launch Screen.storyboard in Resources */,
				872F95E5294E2EE500F5E515 /* Localizable.strings in Resources */,
				8711782C294E160300C68C2F /* Preview Assets.xcassets in Resources */,
				87117829294E160300C68C2F /* Assets.xcassets in Resources */,
			);
			runOnlyForDeploymentPostprocessing = 0;
		};
/* End PBXResourcesBuildPhase section */

/* Begin PBXSourcesBuildPhase section */
		8711781D294E160100C68C2F /* Sources */ = {
			isa = PBXSourcesBuildPhase;
			buildActionMask = 2147483647;
			files = (
				8711782E294E160300C68C2F /* Persistence.swift in Sources */,
				87117827294E160100C68C2F /* ContentView.swift in Sources */,
				87117825294E160100C68C2F /* Star_DeliveryApp.swift in Sources */,
				872F95EA294E315B00F5E515 /* Login.swift in Sources */,
				872F95F3294EF4D400F5E515 /* Rectangle Button.swift in Sources */,
				872F95EC294EC89700F5E515 /* AppColors.swift in Sources */,
				872F95F1294ECBDD00F5E515 /* TextField_Underlined.swift in Sources */,
				872F95E8294E2FC400F5E515 /* AppStrings.swift in Sources */,
				872F95EE294EC97E00F5E515 /* Measurements.swift in Sources */,
				87117831294E160300C68C2F /* Star_Delivery.xcdatamodeld in Sources */,
			);
			runOnlyForDeploymentPostprocessing = 0;
		};
/* End PBXSourcesBuildPhase section */

/* Begin XCBuildConfiguration section */
		87117832294E160300C68C2F /* Debug */ = {
			isa = XCBuildConfiguration;
			buildSettings = {
				ALWAYS_SEARCH_USER_PATHS = NO;
				CLANG_ANALYZER_NONNULL = YES;
				CLANG_ANALYZER_NUMBER_OBJECT_CONVERSION = YES_AGGRESSIVE;
				CLANG_CXX_LANGUAGE_STANDARD = "gnu++20";
				CLANG_ENABLE_MODULES = YES;
				CLANG_ENABLE_OBJC_ARC = YES;
				CLANG_ENABLE_OBJC_WEAK = YES;
				CLANG_WARN_BLOCK_CAPTURE_AUTORELEASING = YES;
				CLANG_WARN_BOOL_CONVERSION = YES;
				CLANG_WARN_COMMA = YES;
				CLANG_WARN_CONSTANT_CONVERSION = YES;
				CLANG_WARN_DEPRECATED_OBJC_IMPLEMENTATIONS = YES;
				CLANG_WARN_DIRECT_OBJC_ISA_USAGE = YES_ERROR;
				CLANG_WARN_DOCUMENTATION_COMMENTS = YES;
				CLANG_WARN_EMPTY_BODY = YES;
				CLANG_WARN_ENUM_CONVERSION = YES;
				CLANG_WARN_INFINITE_RECURSION = YES;
				CLANG_WARN_INT_CONVERSION = YES;
				CLANG_WARN_NON_LITERAL_NULL_CONVERSION = YES;
				CLANG_WARN_OBJC_IMPLICIT_RETAIN_SELF = YES;
				CLANG_WARN_OBJC_LITERAL_CONVERSION = YES;
				CLANG_WARN_OBJC_ROOT_CLASS = YES_ERROR;
				CLANG_WARN_QUOTED_INCLUDE_IN_FRAMEWORK_HEADER = YES;
				CLANG_WARN_RANGE_LOOP_ANALYSIS = YES;
				CLANG_WARN_STRICT_PROTOTYPES = YES;
				CLANG_WARN_SUSPICIOUS_MOVE = YES;
				CLANG_WARN_UNGUARDED_AVAILABILITY = YES_AGGRESSIVE;
				CLANG_WARN_UNREACHABLE_CODE = YES;
				CLANG_WARN__DUPLICATE_METHOD_MATCH = YES;
				COPY_PHASE_STRIP = NO;
				DEBUG_INFORMATION_FORMAT = dwarf;
				ENABLE_STRICT_OBJC_MSGSEND = YES;
				ENABLE_TESTABILITY = YES;
				GCC_C_LANGUAGE_STANDARD = gnu11;
				GCC_DYNAMIC_NO_PIC = NO;
				GCC_NO_COMMON_BLOCKS = YES;
				GCC_OPTIMIZATION_LEVEL = 0;
				GCC_PREPROCESSOR_DEFINITIONS = (
					"DEBUG=1",
					"$(inherited)",
				);
				GCC_WARN_64_TO_32_BIT_CONVERSION = YES;
				GCC_WARN_ABOUT_RETURN_TYPE = YES_ERROR;
				GCC_WARN_UNDECLARED_SELECTOR = YES;
				GCC_WARN_UNINITIALIZED_AUTOS = YES_AGGRESSIVE;
				GCC_WARN_UNUSED_FUNCTION = YES;
				GCC_WARN_UNUSED_VARIABLE = YES;
				IPHONEOS_DEPLOYMENT_TARGET = 16.1;
				MTL_ENABLE_DEBUG_INFO = INCLUDE_SOURCE;
				MTL_FAST_MATH = YES;
				ONLY_ACTIVE_ARCH = YES;
				SDKROOT = iphoneos;
				SWIFT_ACTIVE_COMPILATION_CONDITIONS = DEBUG;
				SWIFT_OPTIMIZATION_LEVEL = "-Onone";
			};
			name = Debug;
		};
		87117833294E160300C68C2F /* Release */ = {
			isa = XCBuildConfiguration;
			buildSettings = {
				ALWAYS_SEARCH_USER_PATHS = NO;
				CLANG_ANALYZER_NONNULL = YES;
				CLANG_ANALYZER_NUMBER_OBJECT_CONVERSION = YES_AGGRESSIVE;
				CLANG_CXX_LANGUAGE_STANDARD = "gnu++20";
				CLANG_ENABLE_MODULES = YES;
				CLANG_ENABLE_OBJC_ARC = YES;
				CLANG_ENABLE_OBJC_WEAK = YES;
				CLANG_WARN_BLOCK_CAPTURE_AUTORELEASING = YES;
				CLANG_WARN_BOOL_CONVERSION = YES;
				CLANG_WARN_COMMA = YES;
				CLANG_WARN_CONSTANT_CONVERSION = YES;
				CLANG_WARN_DEPRECATED_OBJC_IMPLEMENTATIONS = YES;
				CLANG_WARN_DIRECT_OBJC_ISA_USAGE = YES_ERROR;
				CLANG_WARN_DOCUMENTATION_COMMENTS = YES;
				CLANG_WARN_EMPTY_BODY = YES;
				CLANG_WARN_ENUM_CONVERSION = YES;
				CLANG_WARN_INFINITE_RECURSION = YES;
				CLANG_WARN_INT_CONVERSION = YES;
				CLANG_WARN_NON_LITERAL_NULL_CONVERSION = YES;
				CLANG_WARN_OBJC_IMPLICIT_RETAIN_SELF = YES;
				CLANG_WARN_OBJC_LITERAL_CONVERSION = YES;
				CLANG_WARN_OBJC_ROOT_CLASS = YES_ERROR;
				CLANG_WARN_QUOTED_INCLUDE_IN_FRAMEWORK_HEADER = YES;
				CLANG_WARN_RANGE_LOOP_ANALYSIS = YES;
				CLANG_WARN_STRICT_PROTOTYPES = YES;
				CLANG_WARN_SUSPICIOUS_MOVE = YES;
				CLANG_WARN_UNGUARDED_AVAILABILITY = YES_AGGRESSIVE;
				CLANG_WARN_UNREACHABLE_CODE = YES;
				CLANG_WARN__DUPLICATE_METHOD_MATCH = YES;
				COPY_PHASE_STRIP = NO;
				DEBUG_INFORMATION_FORMAT = "dwarf-with-dsym";
				ENABLE_NS_ASSERTIONS = NO;
				ENABLE_STRICT_OBJC_MSGSEND = YES;
				GCC_C_LANGUAGE_STANDARD = gnu11;
				GCC_NO_COMMON_BLOCKS = YES;
				GCC_WARN_64_TO_32_BIT_CONVERSION = YES;
				GCC_WARN_ABOUT_RETURN_TYPE = YES_ERROR;
				GCC_WARN_UNDECLARED_SELECTOR = YES;
				GCC_WARN_UNINITIALIZED_AUTOS = YES_AGGRESSIVE;
				GCC_WARN_UNUSED_FUNCTION = YES;
				GCC_WARN_UNUSED_VARIABLE = YES;
				IPHONEOS_DEPLOYMENT_TARGET = 16.1;
				MTL_ENABLE_DEBUG_INFO = NO;
				MTL_FAST_MATH = YES;
				SDKROOT = iphoneos;
				SWIFT_COMPILATION_MODE = wholemodule;
				SWIFT_OPTIMIZATION_LEVEL = "-O";
				VALIDATE_PRODUCT = YES;
			};
			name = Release;
		};
		87117835294E160300C68C2F /* Debug */ = {
			isa = XCBuildConfiguration;
			buildSettings = {
				ASSETCATALOG_COMPILER_APPICON_NAME = AppIcon;
				ASSETCATALOG_COMPILER_GLOBAL_ACCENT_COLOR_NAME = AccentColor;
				CODE_SIGN_STYLE = Automatic;
				CURRENT_PROJECT_VERSION = 1;
				DEVELOPMENT_ASSET_PATHS = "\"Star Delivery/Preview Content\"";
				DEVELOPMENT_TEAM = V295X7TJF4;
				ENABLE_PREVIEWS = YES;
				GENERATE_INFOPLIST_FILE = YES;
				INFOPLIST_KEY_UIApplicationSceneManifest_Generation = YES;
				INFOPLIST_KEY_UIApplicationSupportsIndirectInputEvents = YES;
				INFOPLIST_KEY_UILaunchScreen_Generation = YES;
				INFOPLIST_KEY_UILaunchStoryboardName = "Launch Screen.storyboard";
				INFOPLIST_KEY_UISupportedInterfaceOrientations_iPad = "UIInterfaceOrientationPortrait UIInterfaceOrientationPortraitUpsideDown UIInterfaceOrientationLandscapeLeft UIInterfaceOrientationLandscapeRight";
				INFOPLIST_KEY_UISupportedInterfaceOrientations_iPhone = "UIInterfaceOrientationPortrait UIInterfaceOrientationLandscapeLeft UIInterfaceOrientationLandscapeRight";
				LD_RUNPATH_SEARCH_PATHS = (
					"$(inherited)",
					"@executable_path/Frameworks",
				);
				MARKETING_VERSION = 1.0;
				PRODUCT_BUNDLE_IDENTIFIER = "com.ajin.Star-Delivery";
				PRODUCT_NAME = "$(TARGET_NAME)";
				SWIFT_EMIT_LOC_STRINGS = YES;
				SWIFT_VERSION = 5.0;
				TARGETED_DEVICE_FAMILY = "1,2";
			};
			name = Debug;
		};
		87117836294E160300C68C2F /* Release */ = {
			isa = XCBuildConfiguration;
			buildSettings = {
				ASSETCATALOG_COMPILER_APPICON_NAME = AppIcon;
				ASSETCATALOG_COMPILER_GLOBAL_ACCENT_COLOR_NAME = AccentColor;
				CODE_SIGN_STYLE = Automatic;
				CURRENT_PROJECT_VERSION = 1;
				DEVELOPMENT_ASSET_PATHS = "\"Star Delivery/Preview Content\"";
				DEVELOPMENT_TEAM = V295X7TJF4;
				ENABLE_PREVIEWS = YES;
				GENERATE_INFOPLIST_FILE = YES;
				INFOPLIST_KEY_UIApplicationSceneManifest_Generation = YES;
				INFOPLIST_KEY_UIApplicationSupportsIndirectInputEvents = YES;
				INFOPLIST_KEY_UILaunchScreen_Generation = YES;
				INFOPLIST_KEY_UILaunchStoryboardName = "Launch Screen.storyboard";
				INFOPLIST_KEY_UISupportedInterfaceOrientations_iPad = "UIInterfaceOrientationPortrait UIInterfaceOrientationPortraitUpsideDown UIInterfaceOrientationLandscapeLeft UIInterfaceOrientationLandscapeRight";
				INFOPLIST_KEY_UISupportedInterfaceOrientations_iPhone = "UIInterfaceOrientationPortrait UIInterfaceOrientationLandscapeLeft UIInterfaceOrientationLandscapeRight";
				LD_RUNPATH_SEARCH_PATHS = (
					"$(inherited)",
					"@executable_path/Frameworks",
				);
				MARKETING_VERSION = 1.0;
				PRODUCT_BUNDLE_IDENTIFIER = "com.ajin.Star-Delivery";
				PRODUCT_NAME = "$(TARGET_NAME)";
				SWIFT_EMIT_LOC_STRINGS = YES;
				SWIFT_VERSION = 5.0;
				TARGETED_DEVICE_FAMILY = "1,2";
			};
			name = Release;
		};
/* End XCBuildConfiguration section */

/* Begin XCConfigurationList section */
		8711781C294E160100C68C2F /* Build configuration list for PBXProject "Star Delivery" */ = {
			isa = XCConfigurationList;
			buildConfigurations = (
				87117832294E160300C68C2F /* Debug */,
				87117833294E160300C68C2F /* Release */,
			);
			defaultConfigurationIsVisible = 0;
			defaultConfigurationName = Release;
		};
		87117834294E160300C68C2F /* Build configuration list for PBXNativeTarget "Star Delivery" */ = {
			isa = XCConfigurationList;
			buildConfigurations = (
				87117835294E160300C68C2F /* Debug */,
				87117836294E160300C68C2F /* Release */,
			);
			defaultConfigurationIsVisible = 0;
			defaultConfigurationName = Release;
		};
/* End XCConfigurationList section */

/* Begin XCRemoteSwiftPackageReference section */
		875F6CAB294E27F0001B68A8 /* XCRemoteSwiftPackageReference "firebase-ios-sdk" */ = {
			isa = XCRemoteSwiftPackageReference;
			repositoryURL = "https://github.com/firebase/firebase-ios-sdk.git";
			requirement = {
				kind = upToNextMajorVersion;
				minimumVersion = 9.0.0;
			};
		};
/* End XCRemoteSwiftPackageReference section */

/* Begin XCSwiftPackageProductDependency section */
		875F6CAC294E27F0001B68A8 /* FirebaseAuth */ = {
			isa = XCSwiftPackageProductDependency;
			package = 875F6CAB294E27F0001B68A8 /* XCRemoteSwiftPackageReference "firebase-ios-sdk" */;
			productName = FirebaseAuth;
		};
/* End XCSwiftPackageProductDependency section */

/* Begin XCVersionGroup section */
		8711782F294E160300C68C2F /* Star_Delivery.xcdatamodeld */ = {
			isa = XCVersionGroup;
			children = (
				87117830294E160300C68C2F /* Star_Delivery.xcdatamodel */,
			);
			currentVersion = 87117830294E160300C68C2F /* Star_Delivery.xcdatamodel */;
			path = Star_Delivery.xcdatamodeld;
			sourceTree = "<group>";
			versionGroupType = wrapper.xcdatamodel;
		};
/* End XCVersionGroup section */
	};
	rootObject = 87117819294E160100C68C2F /* Project object */;
}
